// !$*UTF8*$!
{
	archiveVersion = 1;
	classes = {
	};
	objectVersion = 46;
	objects = {

/* Begin PBXBuildFile section */
		79780A1D7348B6E91CDA037C /* Pods_ADS_B_ARTests.framework in Frameworks */ = {isa = PBXBuildFile; fileRef = 30A091F64CF89FBFF34DB9C3 /* Pods_ADS_B_ARTests.framework */; };
		A29A2B8B1E3F6B8A00E0B49A /* AppDelegate.swift in Sources */ = {isa = PBXBuildFile; fileRef = A29A2B8A1E3F6B8A00E0B49A /* AppDelegate.swift */; };
		A29A2B8D1E3F6B8A00E0B49A /* ViewController.swift in Sources */ = {isa = PBXBuildFile; fileRef = A29A2B8C1E3F6B8A00E0B49A /* ViewController.swift */; };
		A29A2B901E3F6B8A00E0B49A /* Main.storyboard in Resources */ = {isa = PBXBuildFile; fileRef = A29A2B8E1E3F6B8A00E0B49A /* Main.storyboard */; };
		A29A2B931E3F6B8A00E0B49A /* ADS_B_AR.xcdatamodeld in Sources */ = {isa = PBXBuildFile; fileRef = A29A2B911E3F6B8A00E0B49A /* ADS_B_AR.xcdatamodeld */; };
		A29A2B951E3F6B8A00E0B49A /* Assets.xcassets in Resources */ = {isa = PBXBuildFile; fileRef = A29A2B941E3F6B8A00E0B49A /* Assets.xcassets */; };
		A29A2B981E3F6B8A00E0B49A /* LaunchScreen.storyboard in Resources */ = {isa = PBXBuildFile; fileRef = A29A2B961E3F6B8A00E0B49A /* LaunchScreen.storyboard */; };
		A29A2BA31E3F6B8A00E0B49A /* ADS_B_ARTests.swift in Sources */ = {isa = PBXBuildFile; fileRef = A29A2BA21E3F6B8A00E0B49A /* ADS_B_ARTests.swift */; };
		A29A2BAE1E3F6B8A00E0B49A /* ADS_B_ARUITests.swift in Sources */ = {isa = PBXBuildFile; fileRef = A29A2BAD1E3F6B8A00E0B49A /* ADS_B_ARUITests.swift */; };
		A29A2BC11E3F7AEE00E0B49A /* ABAPIClient.swift in Sources */ = {isa = PBXBuildFile; fileRef = A29A2BC01E3F7AEE00E0B49A /* ABAPIClient.swift */; };
		A29A2BC21E3F7AEE00E0B49A /* ABAPIClient.swift in Sources */ = {isa = PBXBuildFile; fileRef = A29A2BC01E3F7AEE00E0B49A /* ABAPIClient.swift */; };
		A29A2BC51E40AA2F00E0B49A /* ABSingleton.swift in Sources */ = {isa = PBXBuildFile; fileRef = A29A2BC41E40AA2F00E0B49A /* ABSingleton.swift */; };
		A29A2BC71E40C53300E0B49A /* ABAircraftViewModel.swift in Sources */ = {isa = PBXBuildFile; fileRef = A29A2BC61E40C53300E0B49A /* ABAircraftViewModel.swift */; };
		A29A2BC81E40C53300E0B49A /* ABAircraftViewModel.swift in Sources */ = {isa = PBXBuildFile; fileRef = A29A2BC61E40C53300E0B49A /* ABAircraftViewModel.swift */; };
		A29A2BCA1E40C58200E0B49A /* ABOperatorViewModel.swift in Sources */ = {isa = PBXBuildFile; fileRef = A29A2BC91E40C58200E0B49A /* ABOperatorViewModel.swift */; };
		A29A2BCB1E40C58200E0B49A /* ABOperatorViewModel.swift in Sources */ = {isa = PBXBuildFile; fileRef = A29A2BC91E40C58200E0B49A /* ABOperatorViewModel.swift */; };
		A29A2BCD1E40C5CB00E0B49A /* ABDroneViewModel.swift in Sources */ = {isa = PBXBuildFile; fileRef = A29A2BCC1E40C5CB00E0B49A /* ABDroneViewModel.swift */; };
		A29A2BCE1E40C5CB00E0B49A /* ABDroneViewModel.swift in Sources */ = {isa = PBXBuildFile; fileRef = A29A2BCC1E40C5CB00E0B49A /* ABDroneViewModel.swift */; };
		A29A2BD01E40CA7400E0B49A /* ABAerodromeViewModel.swift in Sources */ = {isa = PBXBuildFile; fileRef = A29A2BCF1E40CA7400E0B49A /* ABAerodromeViewModel.swift */; };
		A29A2BD11E40CA7400E0B49A /* ABAerodromeViewModel.swift in Sources */ = {isa = PBXBuildFile; fileRef = A29A2BCF1E40CA7400E0B49A /* ABAerodromeViewModel.swift */; };
		A29A2BD61E40CB9900E0B49A /* ABAircraftModel.swift in Sources */ = {isa = PBXBuildFile; fileRef = A29A2BD51E40CB9900E0B49A /* ABAircraftModel.swift */; };
		A29A2BD71E40CB9900E0B49A /* ABAircraftModel.swift in Sources */ = {isa = PBXBuildFile; fileRef = A29A2BD51E40CB9900E0B49A /* ABAircraftModel.swift */; };
		A29A2BD91E40CBB200E0B49A /* ABOperatorModel.swift in Sources */ = {isa = PBXBuildFile; fileRef = A29A2BD81E40CBB200E0B49A /* ABOperatorModel.swift */; };
		A29A2BDA1E40CBB200E0B49A /* ABOperatorModel.swift in Sources */ = {isa = PBXBuildFile; fileRef = A29A2BD81E40CBB200E0B49A /* ABOperatorModel.swift */; };
		A29A2BDC1E40CBC200E0B49A /* ABDroneModel.swift in Sources */ = {isa = PBXBuildFile; fileRef = A29A2BDB1E40CBC200E0B49A /* ABDroneModel.swift */; };
		A29A2BDD1E40CBC200E0B49A /* ABDroneModel.swift in Sources */ = {isa = PBXBuildFile; fileRef = A29A2BDB1E40CBC200E0B49A /* ABDroneModel.swift */; };
		A29A2BDF1E40CBFF00E0B49A /* ABAerodromeModel.swift in Sources */ = {isa = PBXBuildFile; fileRef = A29A2BDE1E40CBFF00E0B49A /* ABAerodromeModel.swift */; };
		A29A2BE01E40CBFF00E0B49A /* ABAerodromeModel.swift in Sources */ = {isa = PBXBuildFile; fileRef = A29A2BDE1E40CBFF00E0B49A /* ABAerodromeModel.swift */; };
		C72920FF3CBE131FE8F7C8E2 /* Pods_ADS_B_ARUITests.framework in Frameworks */ = {isa = PBXBuildFile; fileRef = 3110B53FBA689304A0312952 /* Pods_ADS_B_ARUITests.framework */; };
		D969DC5BDEF48CD1C1370256 /* Pods_ADS_B_AR.framework in Frameworks */ = {isa = PBXBuildFile; fileRef = 6E3806E6FC6E336250822D84 /* Pods_ADS_B_AR.framework */; };
		E15A7BD01E404BF100141D6C /* ABCommon.swift in Sources */ = {isa = PBXBuildFile; fileRef = E15A7BCF1E404BF100141D6C /* ABCommon.swift */; };
/* End PBXBuildFile section */

/* Begin PBXContainerItemProxy section */
		A29A2B9F1E3F6B8A00E0B49A /* PBXContainerItemProxy */ = {
			isa = PBXContainerItemProxy;
			containerPortal = A29A2B7F1E3F6B8900E0B49A /* Project object */;
			proxyType = 1;
			remoteGlobalIDString = A29A2B861E3F6B8A00E0B49A;
			remoteInfo = "ADS-B_AR";
		};
		A29A2BAA1E3F6B8A00E0B49A /* PBXContainerItemProxy */ = {
			isa = PBXContainerItemProxy;
			containerPortal = A29A2B7F1E3F6B8900E0B49A /* Project object */;
			proxyType = 1;
			remoteGlobalIDString = A29A2B861E3F6B8A00E0B49A;
			remoteInfo = "ADS-B_AR";
		};
/* End PBXContainerItemProxy section */

/* Begin PBXFileReference section */
		1A81D90805E4742349D28B14 /* Pods-ADS-B_AR.release.xcconfig */ = {isa = PBXFileReference; includeInIndex = 1; lastKnownFileType = text.xcconfig; name = "Pods-ADS-B_AR.release.xcconfig"; path = "Pods/Target Support Files/Pods-ADS-B_AR/Pods-ADS-B_AR.release.xcconfig"; sourceTree = "<group>"; };
		30A091F64CF89FBFF34DB9C3 /* Pods_ADS_B_ARTests.framework */ = {isa = PBXFileReference; explicitFileType = wrapper.framework; includeInIndex = 0; path = Pods_ADS_B_ARTests.framework; sourceTree = BUILT_PRODUCTS_DIR; };
		3110B53FBA689304A0312952 /* Pods_ADS_B_ARUITests.framework */ = {isa = PBXFileReference; explicitFileType = wrapper.framework; includeInIndex = 0; path = Pods_ADS_B_ARUITests.framework; sourceTree = BUILT_PRODUCTS_DIR; };
		38BECA3420389A94BC4C9FE8 /* Pods-ADS-B_ARUITests.debug.xcconfig */ = {isa = PBXFileReference; includeInIndex = 1; lastKnownFileType = text.xcconfig; name = "Pods-ADS-B_ARUITests.debug.xcconfig"; path = "Pods/Target Support Files/Pods-ADS-B_ARUITests/Pods-ADS-B_ARUITests.debug.xcconfig"; sourceTree = "<group>"; };
		6E3806E6FC6E336250822D84 /* Pods_ADS_B_AR.framework */ = {isa = PBXFileReference; explicitFileType = wrapper.framework; includeInIndex = 0; path = Pods_ADS_B_AR.framework; sourceTree = BUILT_PRODUCTS_DIR; };
		A29A2B871E3F6B8A00E0B49A /* ADS-B_AR.app */ = {isa = PBXFileReference; explicitFileType = wrapper.application; includeInIndex = 0; path = "ADS-B_AR.app"; sourceTree = BUILT_PRODUCTS_DIR; };
		A29A2B8A1E3F6B8A00E0B49A /* AppDelegate.swift */ = {isa = PBXFileReference; lastKnownFileType = sourcecode.swift; path = AppDelegate.swift; sourceTree = "<group>"; };
		A29A2B8C1E3F6B8A00E0B49A /* ViewController.swift */ = {isa = PBXFileReference; lastKnownFileType = sourcecode.swift; path = ViewController.swift; sourceTree = "<group>"; };
		A29A2B8F1E3F6B8A00E0B49A /* Base */ = {isa = PBXFileReference; lastKnownFileType = file.storyboard; name = Base; path = Base.lproj/Main.storyboard; sourceTree = "<group>"; };
		A29A2B921E3F6B8A00E0B49A /* ADS_B_AR.xcdatamodel */ = {isa = PBXFileReference; lastKnownFileType = wrapper.xcdatamodel; path = ADS_B_AR.xcdatamodel; sourceTree = "<group>"; };
		A29A2B941E3F6B8A00E0B49A /* Assets.xcassets */ = {isa = PBXFileReference; lastKnownFileType = folder.assetcatalog; path = Assets.xcassets; sourceTree = "<group>"; };
		A29A2B971E3F6B8A00E0B49A /* Base */ = {isa = PBXFileReference; lastKnownFileType = file.storyboard; name = Base; path = Base.lproj/LaunchScreen.storyboard; sourceTree = "<group>"; };
		A29A2B991E3F6B8A00E0B49A /* Info.plist */ = {isa = PBXFileReference; lastKnownFileType = text.plist.xml; path = Info.plist; sourceTree = "<group>"; };
		A29A2B9E1E3F6B8A00E0B49A /* ADS-B_ARTests.xctest */ = {isa = PBXFileReference; explicitFileType = wrapper.cfbundle; includeInIndex = 0; path = "ADS-B_ARTests.xctest"; sourceTree = BUILT_PRODUCTS_DIR; };
		A29A2BA21E3F6B8A00E0B49A /* ADS_B_ARTests.swift */ = {isa = PBXFileReference; lastKnownFileType = sourcecode.swift; path = ADS_B_ARTests.swift; sourceTree = "<group>"; };
		A29A2BA41E3F6B8A00E0B49A /* Info.plist */ = {isa = PBXFileReference; lastKnownFileType = text.plist.xml; path = Info.plist; sourceTree = "<group>"; };
		A29A2BA91E3F6B8A00E0B49A /* ADS-B_ARUITests.xctest */ = {isa = PBXFileReference; explicitFileType = wrapper.cfbundle; includeInIndex = 0; path = "ADS-B_ARUITests.xctest"; sourceTree = BUILT_PRODUCTS_DIR; };
		A29A2BAD1E3F6B8A00E0B49A /* ADS_B_ARUITests.swift */ = {isa = PBXFileReference; lastKnownFileType = sourcecode.swift; path = ADS_B_ARUITests.swift; sourceTree = "<group>"; };
		A29A2BAF1E3F6B8A00E0B49A /* Info.plist */ = {isa = PBXFileReference; lastKnownFileType = text.plist.xml; path = Info.plist; sourceTree = "<group>"; };
		A29A2BC01E3F7AEE00E0B49A /* ABAPIClient.swift */ = {isa = PBXFileReference; fileEncoding = 4; lastKnownFileType = sourcecode.swift; path = ABAPIClient.swift; sourceTree = "<group>"; };
		A29A2BC41E40AA2F00E0B49A /* ABSingleton.swift */ = {isa = PBXFileReference; fileEncoding = 4; lastKnownFileType = sourcecode.swift; path = ABSingleton.swift; sourceTree = "<group>"; };
		A29A2BC61E40C53300E0B49A /* ABAircraftViewModel.swift */ = {isa = PBXFileReference; fileEncoding = 4; lastKnownFileType = sourcecode.swift; path = ABAircraftViewModel.swift; sourceTree = "<group>"; };
		A29A2BC91E40C58200E0B49A /* ABOperatorViewModel.swift */ = {isa = PBXFileReference; fileEncoding = 4; lastKnownFileType = sourcecode.swift; path = ABOperatorViewModel.swift; sourceTree = "<group>"; };
		A29A2BCC1E40C5CB00E0B49A /* ABDroneViewModel.swift */ = {isa = PBXFileReference; fileEncoding = 4; lastKnownFileType = sourcecode.swift; path = ABDroneViewModel.swift; sourceTree = "<group>"; };
		A29A2BCF1E40CA7400E0B49A /* ABAerodromeViewModel.swift */ = {isa = PBXFileReference; fileEncoding = 4; lastKnownFileType = sourcecode.swift; path = ABAerodromeViewModel.swift; sourceTree = "<group>"; };
		A29A2BD51E40CB9900E0B49A /* ABAircraftModel.swift */ = {isa = PBXFileReference; fileEncoding = 4; lastKnownFileType = sourcecode.swift; path = ABAircraftModel.swift; sourceTree = "<group>"; };
		A29A2BD81E40CBB200E0B49A /* ABOperatorModel.swift */ = {isa = PBXFileReference; fileEncoding = 4; lastKnownFileType = sourcecode.swift; path = ABOperatorModel.swift; sourceTree = "<group>"; };
		A29A2BDB1E40CBC200E0B49A /* ABDroneModel.swift */ = {isa = PBXFileReference; fileEncoding = 4; lastKnownFileType = sourcecode.swift; path = ABDroneModel.swift; sourceTree = "<group>"; };
		A29A2BDE1E40CBFF00E0B49A /* ABAerodromeModel.swift */ = {isa = PBXFileReference; fileEncoding = 4; lastKnownFileType = sourcecode.swift; path = ABAerodromeModel.swift; sourceTree = "<group>"; };
		BFCC105F88546B7F9D0E7749 /* Pods-ADS-B_ARTests.release.xcconfig */ = {isa = PBXFileReference; includeInIndex = 1; lastKnownFileType = text.xcconfig; name = "Pods-ADS-B_ARTests.release.xcconfig"; path = "Pods/Target Support Files/Pods-ADS-B_ARTests/Pods-ADS-B_ARTests.release.xcconfig"; sourceTree = "<group>"; };
		C18A6C0DFA6FC8BE9661B6B8 /* Pods-ADS-B_ARUITests.release.xcconfig */ = {isa = PBXFileReference; includeInIndex = 1; lastKnownFileType = text.xcconfig; name = "Pods-ADS-B_ARUITests.release.xcconfig"; path = "Pods/Target Support Files/Pods-ADS-B_ARUITests/Pods-ADS-B_ARUITests.release.xcconfig"; sourceTree = "<group>"; };
		D6586ACE5C186A1C26388AA5 /* Pods-ADS-B_ARTests.debug.xcconfig */ = {isa = PBXFileReference; includeInIndex = 1; lastKnownFileType = text.xcconfig; name = "Pods-ADS-B_ARTests.debug.xcconfig"; path = "Pods/Target Support Files/Pods-ADS-B_ARTests/Pods-ADS-B_ARTests.debug.xcconfig"; sourceTree = "<group>"; };
		E15A7BCF1E404BF100141D6C /* ABCommon.swift */ = {isa = PBXFileReference; fileEncoding = 4; lastKnownFileType = sourcecode.swift; path = ABCommon.swift; sourceTree = "<group>"; };
		E8E90069C4AA0E1832409BA9 /* Pods-ADS-B_AR.debug.xcconfig */ = {isa = PBXFileReference; includeInIndex = 1; lastKnownFileType = text.xcconfig; name = "Pods-ADS-B_AR.debug.xcconfig"; path = "Pods/Target Support Files/Pods-ADS-B_AR/Pods-ADS-B_AR.debug.xcconfig"; sourceTree = "<group>"; };
/* End PBXFileReference section */

/* Begin PBXFrameworksBuildPhase section */
		A29A2B841E3F6B8A00E0B49A /* Frameworks */ = {
			isa = PBXFrameworksBuildPhase;
			buildActionMask = 2147483647;
			files = (
				D969DC5BDEF48CD1C1370256 /* Pods_ADS_B_AR.framework in Frameworks */,
			);
			runOnlyForDeploymentPostprocessing = 0;
		};
		A29A2B9B1E3F6B8A00E0B49A /* Frameworks */ = {
			isa = PBXFrameworksBuildPhase;
			buildActionMask = 2147483647;
			files = (
				79780A1D7348B6E91CDA037C /* Pods_ADS_B_ARTests.framework in Frameworks */,
			);
			runOnlyForDeploymentPostprocessing = 0;
		};
		A29A2BA61E3F6B8A00E0B49A /* Frameworks */ = {
			isa = PBXFrameworksBuildPhase;
			buildActionMask = 2147483647;
			files = (
				C72920FF3CBE131FE8F7C8E2 /* Pods_ADS_B_ARUITests.framework in Frameworks */,
			);
			runOnlyForDeploymentPostprocessing = 0;
		};
/* End PBXFrameworksBuildPhase section */

/* Begin PBXGroup section */
		3860503D463D04D90BE6F832 /* Pods */ = {
			isa = PBXGroup;
			children = (
				E8E90069C4AA0E1832409BA9 /* Pods-ADS-B_AR.debug.xcconfig */,
				1A81D90805E4742349D28B14 /* Pods-ADS-B_AR.release.xcconfig */,
				D6586ACE5C186A1C26388AA5 /* Pods-ADS-B_ARTests.debug.xcconfig */,
				BFCC105F88546B7F9D0E7749 /* Pods-ADS-B_ARTests.release.xcconfig */,
				38BECA3420389A94BC4C9FE8 /* Pods-ADS-B_ARUITests.debug.xcconfig */,
				C18A6C0DFA6FC8BE9661B6B8 /* Pods-ADS-B_ARUITests.release.xcconfig */,
			);
			name = Pods;
			sourceTree = "<group>";
		};
		A29A2B7E1E3F6B8900E0B49A = {
			isa = PBXGroup;
			children = (
				A29A2B891E3F6B8A00E0B49A /* ADS-B_AR */,
				A29A2BA11E3F6B8A00E0B49A /* ADS-B_ARTests */,
				A29A2BAC1E3F6B8A00E0B49A /* ADS-B_ARUITests */,
				A29A2B881E3F6B8A00E0B49A /* Products */,
				3860503D463D04D90BE6F832 /* Pods */,
				F5D987623721A7C69FF663AB /* Frameworks */,
			);
			sourceTree = "<group>";
		};
		A29A2B881E3F6B8A00E0B49A /* Products */ = {
			isa = PBXGroup;
			children = (
				A29A2B871E3F6B8A00E0B49A /* ADS-B_AR.app */,
				A29A2B9E1E3F6B8A00E0B49A /* ADS-B_ARTests.xctest */,
				A29A2BA91E3F6B8A00E0B49A /* ADS-B_ARUITests.xctest */,
			);
			name = Products;
			sourceTree = "<group>";
		};
		A29A2B891E3F6B8A00E0B49A /* ADS-B_AR */ = {
			isa = PBXGroup;
			children = (
				A29A2B8A1E3F6B8A00E0B49A /* AppDelegate.swift */,
				A29A2BBB1E3F79ED00E0B49A /* APIClient */,
				A29A2BBC1E3F7A2400E0B49A /* Model */,
				A29A2BBD1E3F7A3400E0B49A /* ViewModel */,
				A29A2BBE1E3F7A4500E0B49A /* View */,
				A29A2BBF1E3F7A6300E0B49A /* Utils */,
				A29A2B8E1E3F6B8A00E0B49A /* Main.storyboard */,
				A29A2B941E3F6B8A00E0B49A /* Assets.xcassets */,
				A29A2B961E3F6B8A00E0B49A /* LaunchScreen.storyboard */,
				A29A2B991E3F6B8A00E0B49A /* Info.plist */,
				A29A2B911E3F6B8A00E0B49A /* ADS_B_AR.xcdatamodeld */,
			);
			path = "ADS-B_AR";
			sourceTree = "<group>";
		};
		A29A2BA11E3F6B8A00E0B49A /* ADS-B_ARTests */ = {
			isa = PBXGroup;
			children = (
				A29A2BA21E3F6B8A00E0B49A /* ADS_B_ARTests.swift */,
				A29A2BA41E3F6B8A00E0B49A /* Info.plist */,
			);
			path = "ADS-B_ARTests";
			sourceTree = "<group>";
		};
		A29A2BAC1E3F6B8A00E0B49A /* ADS-B_ARUITests */ = {
			isa = PBXGroup;
			children = (
				A29A2BAD1E3F6B8A00E0B49A /* ADS_B_ARUITests.swift */,
				A29A2BAF1E3F6B8A00E0B49A /* Info.plist */,
			);
			path = "ADS-B_ARUITests";
			sourceTree = "<group>";
		};
		A29A2BBB1E3F79ED00E0B49A /* APIClient */ = {
			isa = PBXGroup;
			children = (
				A29A2BC01E3F7AEE00E0B49A /* ABAPIClient.swift */,
				E15A7BCF1E404BF100141D6C /* ABCommon.swift */,
			);
			name = APIClient;
			sourceTree = "<group>";
		};
		A29A2BBC1E3F7A2400E0B49A /* Model */ = {
			isa = PBXGroup;
			children = (
				A29A2BD51E40CB9900E0B49A /* ABAircraftModel.swift */,
				A29A2BD81E40CBB200E0B49A /* ABOperatorModel.swift */,
				A29A2BDB1E40CBC200E0B49A /* ABDroneModel.swift */,
				A29A2BDE1E40CBFF00E0B49A /* ABAerodromeModel.swift */,
			);
			name = Model;
			sourceTree = "<group>";
		};
		A29A2BBD1E3F7A3400E0B49A /* ViewModel */ = {
			isa = PBXGroup;
			children = (
				A29A2BC61E40C53300E0B49A /* ABAircraftViewModel.swift */,
				A29A2BC91E40C58200E0B49A /* ABOperatorViewModel.swift */,
				A29A2BCC1E40C5CB00E0B49A /* ABDroneViewModel.swift */,
				A29A2BCF1E40CA7400E0B49A /* ABAerodromeViewModel.swift */,
			);
			name = ViewModel;
			sourceTree = "<group>";
		};
		A29A2BBE1E3F7A4500E0B49A /* View */ = {
			isa = PBXGroup;
			children = (
				A29A2B8C1E3F6B8A00E0B49A /* ViewController.swift */,
			);
			name = View;
			sourceTree = "<group>";
		};
		A29A2BBF1E3F7A6300E0B49A /* Utils */ = {
			isa = PBXGroup;
			children = (
				A29A2BC41E40AA2F00E0B49A /* ABSingleton.swift */,
			);
			name = Utils;
			sourceTree = "<group>";
		};
		F5D987623721A7C69FF663AB /* Frameworks */ = {
			isa = PBXGroup;
			children = (
				6E3806E6FC6E336250822D84 /* Pods_ADS_B_AR.framework */,
				30A091F64CF89FBFF34DB9C3 /* Pods_ADS_B_ARTests.framework */,
				3110B53FBA689304A0312952 /* Pods_ADS_B_ARUITests.framework */,
			);
			name = Frameworks;
			sourceTree = "<group>";
		};
/* End PBXGroup section */

/* Begin PBXNativeTarget section */
		A29A2B861E3F6B8A00E0B49A /* ADS-B_AR */ = {
			isa = PBXNativeTarget;
			buildConfigurationList = A29A2BB21E3F6B8A00E0B49A /* Build configuration list for PBXNativeTarget "ADS-B_AR" */;
			buildPhases = (
				FE0378A9A56432AC0956E7EB /* [CP] Check Pods Manifest.lock */,
				A29A2B831E3F6B8A00E0B49A /* Sources */,
				A29A2B841E3F6B8A00E0B49A /* Frameworks */,
				A29A2B851E3F6B8A00E0B49A /* Resources */,
				133149EC756075A279429FAF /* [CP] Embed Pods Frameworks */,
				F976133F63BA399A26B5414A /* [CP] Copy Pods Resources */,
			);
			buildRules = (
			);
			dependencies = (
			);
			name = "ADS-B_AR";
			productName = "ADS-B_AR";
			productReference = A29A2B871E3F6B8A00E0B49A /* ADS-B_AR.app */;
			productType = "com.apple.product-type.application";
		};
		A29A2B9D1E3F6B8A00E0B49A /* ADS-B_ARTests */ = {
			isa = PBXNativeTarget;
			buildConfigurationList = A29A2BB51E3F6B8A00E0B49A /* Build configuration list for PBXNativeTarget "ADS-B_ARTests" */;
			buildPhases = (
				5C65C4EBFA6A98F1C1A1C43C /* [CP] Check Pods Manifest.lock */,
				A29A2B9A1E3F6B8A00E0B49A /* Sources */,
				A29A2B9B1E3F6B8A00E0B49A /* Frameworks */,
				A29A2B9C1E3F6B8A00E0B49A /* Resources */,
				28AC6A6B4470C6164DBF6F7F /* [CP] Embed Pods Frameworks */,
				ED857B3F37079E142815BE13 /* [CP] Copy Pods Resources */,
			);
			buildRules = (
			);
			dependencies = (
				A29A2BA01E3F6B8A00E0B49A /* PBXTargetDependency */,
			);
			name = "ADS-B_ARTests";
			productName = "ADS-B_ARTests";
			productReference = A29A2B9E1E3F6B8A00E0B49A /* ADS-B_ARTests.xctest */;
			productType = "com.apple.product-type.bundle.unit-test";
		};
		A29A2BA81E3F6B8A00E0B49A /* ADS-B_ARUITests */ = {
			isa = PBXNativeTarget;
			buildConfigurationList = A29A2BB81E3F6B8A00E0B49A /* Build configuration list for PBXNativeTarget "ADS-B_ARUITests" */;
			buildPhases = (
				A01D329BA5D9D3C90F522438 /* [CP] Check Pods Manifest.lock */,
				A29A2BA51E3F6B8A00E0B49A /* Sources */,
				A29A2BA61E3F6B8A00E0B49A /* Frameworks */,
				A29A2BA71E3F6B8A00E0B49A /* Resources */,
				B14EA214962931E83250B2F1 /* [CP] Embed Pods Frameworks */,
				A6BE6DEFFFD9CC114C3C9644 /* [CP] Copy Pods Resources */,
			);
			buildRules = (
			);
			dependencies = (
				A29A2BAB1E3F6B8A00E0B49A /* PBXTargetDependency */,
			);
			name = "ADS-B_ARUITests";
			productName = "ADS-B_ARUITests";
			productReference = A29A2BA91E3F6B8A00E0B49A /* ADS-B_ARUITests.xctest */;
			productType = "com.apple.product-type.bundle.ui-testing";
		};
/* End PBXNativeTarget section */

/* Begin PBXProject section */
		A29A2B7F1E3F6B8900E0B49A /* Project object */ = {
			isa = PBXProject;
			attributes = {
				LastSwiftUpdateCheck = 0820;
				LastUpgradeCheck = 0820;
				ORGANIZATIONNAME = RobertYiJiang;
				TargetAttributes = {
					A29A2B861E3F6B8A00E0B49A = {
						CreatedOnToolsVersion = 8.2.1;
						DevelopmentTeam = DQK83PW4RV;
						ProvisioningStyle = Automatic;
					};
					A29A2B9D1E3F6B8A00E0B49A = {
						CreatedOnToolsVersion = 8.2.1;
						DevelopmentTeam = DQK83PW4RV;
						ProvisioningStyle = Automatic;
						TestTargetID = A29A2B861E3F6B8A00E0B49A;
					};
					A29A2BA81E3F6B8A00E0B49A = {
						CreatedOnToolsVersion = 8.2.1;
						DevelopmentTeam = DQK83PW4RV;
						ProvisioningStyle = Automatic;
						TestTargetID = A29A2B861E3F6B8A00E0B49A;
					};
				};
			};
			buildConfigurationList = A29A2B821E3F6B8900E0B49A /* Build configuration list for PBXProject "ADS-B_AR" */;
			compatibilityVersion = "Xcode 3.2";
			developmentRegion = English;
			hasScannedForEncodings = 0;
			knownRegions = (
				en,
				Base,
			);
			mainGroup = A29A2B7E1E3F6B8900E0B49A;
			productRefGroup = A29A2B881E3F6B8A00E0B49A /* Products */;
			projectDirPath = "";
			projectRoot = "";
			targets = (
				A29A2B861E3F6B8A00E0B49A /* ADS-B_AR */,
				A29A2B9D1E3F6B8A00E0B49A /* ADS-B_ARTests */,
				A29A2BA81E3F6B8A00E0B49A /* ADS-B_ARUITests */,
			);
		};
/* End PBXProject section */

/* Begin PBXResourcesBuildPhase section */
		A29A2B851E3F6B8A00E0B49A /* Resources */ = {
			isa = PBXResourcesBuildPhase;
			buildActionMask = 2147483647;
			files = (
				A29A2B981E3F6B8A00E0B49A /* LaunchScreen.storyboard in Resources */,
				A29A2B951E3F6B8A00E0B49A /* Assets.xcassets in Resources */,
				A29A2B901E3F6B8A00E0B49A /* Main.storyboard in Resources */,
			);
			runOnlyForDeploymentPostprocessing = 0;
		};
		A29A2B9C1E3F6B8A00E0B49A /* Resources */ = {
			isa = PBXResourcesBuildPhase;
			buildActionMask = 2147483647;
			files = (
			);
			runOnlyForDeploymentPostprocessing = 0;
		};
		A29A2BA71E3F6B8A00E0B49A /* Resources */ = {
			isa = PBXResourcesBuildPhase;
			buildActionMask = 2147483647;
			files = (
			);
			runOnlyForDeploymentPostprocessing = 0;
		};
/* End PBXResourcesBuildPhase section */

/* Begin PBXShellScriptBuildPhase section */
		133149EC756075A279429FAF /* [CP] Embed Pods Frameworks */ = {
			isa = PBXShellScriptBuildPhase;
			buildActionMask = 2147483647;
			files = (
			);
			inputPaths = (
			);
			name = "[CP] Embed Pods Frameworks";
			outputPaths = (
			);
			runOnlyForDeploymentPostprocessing = 0;
			shellPath = /bin/sh;
			shellScript = "\"${SRCROOT}/Pods/Target Support Files/Pods-ADS-B_AR/Pods-ADS-B_AR-frameworks.sh\"\n";
			showEnvVarsInLog = 0;
		};
		28AC6A6B4470C6164DBF6F7F /* [CP] Embed Pods Frameworks */ = {
			isa = PBXShellScriptBuildPhase;
			buildActionMask = 2147483647;
			files = (
			);
			inputPaths = (
			);
			name = "[CP] Embed Pods Frameworks";
			outputPaths = (
			);
			runOnlyForDeploymentPostprocessing = 0;
			shellPath = /bin/sh;
			shellScript = "\"${SRCROOT}/Pods/Target Support Files/Pods-ADS-B_ARTests/Pods-ADS-B_ARTests-frameworks.sh\"\n";
			showEnvVarsInLog = 0;
		};
		5C65C4EBFA6A98F1C1A1C43C /* [CP] Check Pods Manifest.lock */ = {
			isa = PBXShellScriptBuildPhase;
			buildActionMask = 2147483647;
			files = (
			);
			inputPaths = (
			);
			name = "[CP] Check Pods Manifest.lock";
			outputPaths = (
			);
			runOnlyForDeploymentPostprocessing = 0;
			shellPath = /bin/sh;
			shellScript = "diff \"${PODS_ROOT}/../Podfile.lock\" \"${PODS_ROOT}/Manifest.lock\" > /dev/null\nif [ $? != 0 ] ; then\n    # print error to STDERR\n    echo \"error: The sandbox is not in sync with the Podfile.lock. Run 'pod install' or update your CocoaPods installation.\" >&2\n    exit 1\nfi\n";
			showEnvVarsInLog = 0;
		};
		A01D329BA5D9D3C90F522438 /* [CP] Check Pods Manifest.lock */ = {
			isa = PBXShellScriptBuildPhase;
			buildActionMask = 2147483647;
			files = (
			);
			inputPaths = (
			);
			name = "[CP] Check Pods Manifest.lock";
			outputPaths = (
			);
			runOnlyForDeploymentPostprocessing = 0;
			shellPath = /bin/sh;
			shellScript = "diff \"${PODS_ROOT}/../Podfile.lock\" \"${PODS_ROOT}/Manifest.lock\" > /dev/null\nif [ $? != 0 ] ; then\n    # print error to STDERR\n    echo \"error: The sandbox is not in sync with the Podfile.lock. Run 'pod install' or update your CocoaPods installation.\" >&2\n    exit 1\nfi\n";
			showEnvVarsInLog = 0;
		};
		A6BE6DEFFFD9CC114C3C9644 /* [CP] Copy Pods Resources */ = {
			isa = PBXShellScriptBuildPhase;
			buildActionMask = 2147483647;
			files = (
			);
			inputPaths = (
			);
			name = "[CP] Copy Pods Resources";
			outputPaths = (
			);
			runOnlyForDeploymentPostprocessing = 0;
			shellPath = /bin/sh;
			shellScript = "\"${SRCROOT}/Pods/Target Support Files/Pods-ADS-B_ARUITests/Pods-ADS-B_ARUITests-resources.sh\"\n";
			showEnvVarsInLog = 0;
		};
		B14EA214962931E83250B2F1 /* [CP] Embed Pods Frameworks */ = {
			isa = PBXShellScriptBuildPhase;
			buildActionMask = 2147483647;
			files = (
			);
			inputPaths = (
			);
			name = "[CP] Embed Pods Frameworks";
			outputPaths = (
			);
			runOnlyForDeploymentPostprocessing = 0;
			shellPath = /bin/sh;
			shellScript = "\"${SRCROOT}/Pods/Target Support Files/Pods-ADS-B_ARUITests/Pods-ADS-B_ARUITests-frameworks.sh\"\n";
			showEnvVarsInLog = 0;
		};
		ED857B3F37079E142815BE13 /* [CP] Copy Pods Resources */ = {
			isa = PBXShellScriptBuildPhase;
			buildActionMask = 2147483647;
			files = (
			);
			inputPaths = (
			);
			name = "[CP] Copy Pods Resources";
			outputPaths = (
			);
			runOnlyForDeploymentPostprocessing = 0;
			shellPath = /bin/sh;
			shellScript = "\"${SRCROOT}/Pods/Target Support Files/Pods-ADS-B_ARTests/Pods-ADS-B_ARTests-resources.sh\"\n";
			showEnvVarsInLog = 0;
		};
		F976133F63BA399A26B5414A /* [CP] Copy Pods Resources */ = {
			isa = PBXShellScriptBuildPhase;
			buildActionMask = 2147483647;
			files = (
			);
			inputPaths = (
			);
			name = "[CP] Copy Pods Resources";
			outputPaths = (
			);
			runOnlyForDeploymentPostprocessing = 0;
			shellPath = /bin/sh;
			shellScript = "\"${SRCROOT}/Pods/Target Support Files/Pods-ADS-B_AR/Pods-ADS-B_AR-resources.sh\"\n";
			showEnvVarsInLog = 0;
		};
		FE0378A9A56432AC0956E7EB /* [CP] Check Pods Manifest.lock */ = {
			isa = PBXShellScriptBuildPhase;
			buildActionMask = 2147483647;
			files = (
			);
			inputPaths = (
			);
			name = "[CP] Check Pods Manifest.lock";
			outputPaths = (
			);
			runOnlyForDeploymentPostprocessing = 0;
			shellPath = /bin/sh;
			shellScript = "diff \"${PODS_ROOT}/../Podfile.lock\" \"${PODS_ROOT}/Manifest.lock\" > /dev/null\nif [ $? != 0 ] ; then\n    # print error to STDERR\n    echo \"error: The sandbox is not in sync with the Podfile.lock. Run 'pod install' or update your CocoaPods installation.\" >&2\n    exit 1\nfi\n";
			showEnvVarsInLog = 0;
		};
/* End PBXShellScriptBuildPhase section */

/* Begin PBXSourcesBuildPhase section */
		A29A2B831E3F6B8A00E0B49A /* Sources */ = {
			isa = PBXSourcesBuildPhase;
			buildActionMask = 2147483647;
			files = (
				A29A2B8D1E3F6B8A00E0B49A /* ViewController.swift in Sources */,
				A29A2BC71E40C53300E0B49A /* ABAircraftViewModel.swift in Sources */,
				A29A2BC51E40AA2F00E0B49A /* ABSingleton.swift in Sources */,
				A29A2BDC1E40CBC200E0B49A /* ABDroneModel.swift in Sources */,
				A29A2BDF1E40CBFF00E0B49A /* ABAerodromeModel.swift in Sources */,
				E15A7BD01E404BF100141D6C /* ABCommon.swift in Sources */,
				A29A2BC11E3F7AEE00E0B49A /* ABAPIClient.swift in Sources */,
				A29A2BCD1E40C5CB00E0B49A /* ABDroneViewModel.swift in Sources */,
				A29A2B931E3F6B8A00E0B49A /* ADS_B_AR.xcdatamodeld in Sources */,
				A29A2BD61E40CB9900E0B49A /* ABAircraftModel.swift in Sources */,
				A29A2B8B1E3F6B8A00E0B49A /* AppDelegate.swift in Sources */,
				A29A2BD01E40CA7400E0B49A /* ABAerodromeViewModel.swift in Sources */,
				A29A2BD91E40CBB200E0B49A /* ABOperatorModel.swift in Sources */,
				A29A2BCA1E40C58200E0B49A /* ABOperatorViewModel.swift in Sources */,
			);
			runOnlyForDeploymentPostprocessing = 0;
		};
		A29A2B9A1E3F6B8A00E0B49A /* Sources */ = {
			isa = PBXSourcesBuildPhase;
			buildActionMask = 2147483647;
			files = (
				A29A2BD71E40CB9900E0B49A /* ABAircraftModel.swift in Sources */,
				A29A2BA31E3F6B8A00E0B49A /* ADS_B_ARTests.swift in Sources */,
				A29A2BC21E3F7AEE00E0B49A /* ABAPIClient.swift in Sources */,
				A29A2BCE1E40C5CB00E0B49A /* ABDroneViewModel.swift in Sources */,
				A29A2BC81E40C53300E0B49A /* ABAircraftViewModel.swift in Sources */,
				A29A2BDA1E40CBB200E0B49A /* ABOperatorModel.swift in Sources */,
				A29A2BD11E40CA7400E0B49A /* ABAerodromeViewModel.swift in Sources */,
				A29A2BCB1E40C58200E0B49A /* ABOperatorViewModel.swift in Sources */,
				A29A2BDD1E40CBC200E0B49A /* ABDroneModel.swift in Sources */,
				A29A2BE01E40CBFF00E0B49A /* ABAerodromeModel.swift in Sources */,
			);
			runOnlyForDeploymentPostprocessing = 0;
		};
		A29A2BA51E3F6B8A00E0B49A /* Sources */ = {
			isa = PBXSourcesBuildPhase;
			buildActionMask = 2147483647;
			files = (
				A29A2BAE1E3F6B8A00E0B49A /* ADS_B_ARUITests.swift in Sources */,
			);
			runOnlyForDeploymentPostprocessing = 0;
		};
/* End PBXSourcesBuildPhase section */

/* Begin PBXTargetDependency section */
		A29A2BA01E3F6B8A00E0B49A /* PBXTargetDependency */ = {
			isa = PBXTargetDependency;
			target = A29A2B861E3F6B8A00E0B49A /* ADS-B_AR */;
			targetProxy = A29A2B9F1E3F6B8A00E0B49A /* PBXContainerItemProxy */;
		};
		A29A2BAB1E3F6B8A00E0B49A /* PBXTargetDependency */ = {
			isa = PBXTargetDependency;
			target = A29A2B861E3F6B8A00E0B49A /* ADS-B_AR */;
			targetProxy = A29A2BAA1E3F6B8A00E0B49A /* PBXContainerItemProxy */;
		};
/* End PBXTargetDependency section */

/* Begin PBXVariantGroup section */
		A29A2B8E1E3F6B8A00E0B49A /* Main.storyboard */ = {
			isa = PBXVariantGroup;
			children = (
				A29A2B8F1E3F6B8A00E0B49A /* Base */,
			);
			name = Main.storyboard;
			sourceTree = "<group>";
		};
		A29A2B961E3F6B8A00E0B49A /* LaunchScreen.storyboard */ = {
			isa = PBXVariantGroup;
			children = (
				A29A2B971E3F6B8A00E0B49A /* Base */,
			);
			name = LaunchScreen.storyboard;
			sourceTree = "<group>";
		};
/* End PBXVariantGroup section */

/* Begin XCBuildConfiguration section */
		A29A2BB01E3F6B8A00E0B49A /* Debug */ = {
			isa = XCBuildConfiguration;
			buildSettings = {
				ALWAYS_SEARCH_USER_PATHS = NO;
				CLANG_ANALYZER_NONNULL = YES;
				CLANG_CXX_LANGUAGE_STANDARD = "gnu++0x";
				CLANG_CXX_LIBRARY = "libc++";
				CLANG_ENABLE_MODULES = YES;
				CLANG_ENABLE_OBJC_ARC = YES;
				CLANG_WARN_BOOL_CONVERSION = YES;
				CLANG_WARN_CONSTANT_CONVERSION = YES;
				CLANG_WARN_DIRECT_OBJC_ISA_USAGE = YES_ERROR;
				CLANG_WARN_DOCUMENTATION_COMMENTS = YES;
				CLANG_WARN_EMPTY_BODY = YES;
				CLANG_WARN_ENUM_CONVERSION = YES;
				CLANG_WARN_INFINITE_RECURSION = YES;
				CLANG_WARN_INT_CONVERSION = YES;
				CLANG_WARN_OBJC_ROOT_CLASS = YES_ERROR;
				CLANG_WARN_SUSPICIOUS_MOVE = YES;
				CLANG_WARN_UNREACHABLE_CODE = YES;
				CLANG_WARN__DUPLICATE_METHOD_MATCH = YES;
				"CODE_SIGN_IDENTITY[sdk=iphoneos*]" = "iPhone Developer";
				COPY_PHASE_STRIP = NO;
				DEBUG_INFORMATION_FORMAT = dwarf;
				ENABLE_STRICT_OBJC_MSGSEND = YES;
				ENABLE_TESTABILITY = YES;
				GCC_C_LANGUAGE_STANDARD = gnu99;
				GCC_DYNAMIC_NO_PIC = NO;
				GCC_NO_COMMON_BLOCKS = YES;
				GCC_OPTIMIZATION_LEVEL = 0;
				GCC_PREPROCESSOR_DEFINITIONS = (
					"DEBUG=1",
					"$(inherited)",
				);
				GCC_WARN_64_TO_32_BIT_CONVERSION = YES;
				GCC_WARN_ABOUT_RETURN_TYPE = YES_ERROR;
				GCC_WARN_UNDECLARED_SELECTOR = YES;
				GCC_WARN_UNINITIALIZED_AUTOS = YES_AGGRESSIVE;
				GCC_WARN_UNUSED_FUNCTION = YES;
				GCC_WARN_UNUSED_VARIABLE = YES;
				IPHONEOS_DEPLOYMENT_TARGET = 10.2;
				MTL_ENABLE_DEBUG_INFO = YES;
				ONLY_ACTIVE_ARCH = YES;
				SDKROOT = iphoneos;
				SWIFT_ACTIVE_COMPILATION_CONDITIONS = DEBUG;
				SWIFT_OPTIMIZATION_LEVEL = "-Onone";
			};
			name = Debug;
		};
		A29A2BB11E3F6B8A00E0B49A /* Release */ = {
			isa = XCBuildConfiguration;
			buildSettings = {
				ALWAYS_SEARCH_USER_PATHS = NO;
				CLANG_ANALYZER_NONNULL = YES;
				CLANG_CXX_LANGUAGE_STANDARD = "gnu++0x";
				CLANG_CXX_LIBRARY = "libc++";
				CLANG_ENABLE_MODULES = YES;
				CLANG_ENABLE_OBJC_ARC = YES;
				CLANG_WARN_BOOL_CONVERSION = YES;
				CLANG_WARN_CONSTANT_CONVERSION = YES;
				CLANG_WARN_DIRECT_OBJC_ISA_USAGE = YES_ERROR;
				CLANG_WARN_DOCUMENTATION_COMMENTS = YES;
				CLANG_WARN_EMPTY_BODY = YES;
				CLANG_WARN_ENUM_CONVERSION = YES;
				CLANG_WARN_INFINITE_RECURSION = YES;
				CLANG_WARN_INT_CONVERSION = YES;
				CLANG_WARN_OBJC_ROOT_CLASS = YES_ERROR;
				CLANG_WARN_SUSPICIOUS_MOVE = YES;
				CLANG_WARN_UNREACHABLE_CODE = YES;
				CLANG_WARN__DUPLICATE_METHOD_MATCH = YES;
				"CODE_SIGN_IDENTITY[sdk=iphoneos*]" = "iPhone Developer";
				COPY_PHASE_STRIP = NO;
				DEBUG_INFORMATION_FORMAT = "dwarf-with-dsym";
				ENABLE_NS_ASSERTIONS = NO;
				ENABLE_STRICT_OBJC_MSGSEND = YES;
				GCC_C_LANGUAGE_STANDARD = gnu99;
				GCC_NO_COMMON_BLOCKS = YES;
				GCC_WARN_64_TO_32_BIT_CONVERSION = YES;
				GCC_WARN_ABOUT_RETURN_TYPE = YES_ERROR;
				GCC_WARN_UNDECLARED_SELECTOR = YES;
				GCC_WARN_UNINITIALIZED_AUTOS = YES_AGGRESSIVE;
				GCC_WARN_UNUSED_FUNCTION = YES;
				GCC_WARN_UNUSED_VARIABLE = YES;
				IPHONEOS_DEPLOYMENT_TARGET = 10.2;
				MTL_ENABLE_DEBUG_INFO = NO;
				SDKROOT = iphoneos;
				SWIFT_OPTIMIZATION_LEVEL = "-Owholemodule";
				VALIDATE_PRODUCT = YES;
			};
			name = Release;
		};
		A29A2BB31E3F6B8A00E0B49A /* Debug */ = {
			isa = XCBuildConfiguration;
			baseConfigurationReference = E8E90069C4AA0E1832409BA9 /* Pods-ADS-B_AR.debug.xcconfig */;
			buildSettings = {
				ASSETCATALOG_COMPILER_APPICON_NAME = AppIcon;
				DEVELOPMENT_TEAM = DQK83PW4RV;
				INFOPLIST_FILE = "ADS-B_AR/Info.plist";
				LD_RUNPATH_SEARCH_PATHS = "$(inherited) @executable_path/Frameworks";
				PRODUCT_BUNDLE_IDENTIFIER = "www.siphty.com.ADS-B-AR";
				PRODUCT_NAME = "$(TARGET_NAME)";
				SWIFT_VERSION = 3.0;
			};
			name = Debug;
		};
		A29A2BB41E3F6B8A00E0B49A /* Release */ = {
			isa = XCBuildConfiguration;
			baseConfigurationReference = 1A81D90805E4742349D28B14 /* Pods-ADS-B_AR.release.xcconfig */;
			buildSettings = {
				ASSETCATALOG_COMPILER_APPICON_NAME = AppIcon;
				DEVELOPMENT_TEAM = DQK83PW4RV;
				INFOPLIST_FILE = "ADS-B_AR/Info.plist";
				LD_RUNPATH_SEARCH_PATHS = "$(inherited) @executable_path/Frameworks";
				PRODUCT_BUNDLE_IDENTIFIER = "www.siphty.com.ADS-B-AR";
				PRODUCT_NAME = "$(TARGET_NAME)";
				SWIFT_VERSION = 3.0;
			};
			name = Release;
		};
		A29A2BB61E3F6B8A00E0B49A /* Debug */ = {
			isa = XCBuildConfiguration;
			baseConfigurationReference = D6586ACE5C186A1C26388AA5 /* Pods-ADS-B_ARTests.debug.xcconfig */;
			buildSettings = {
				ALWAYS_EMBED_SWIFT_STANDARD_LIBRARIES = YES;
				BUNDLE_LOADER = "$(TEST_HOST)";
				DEVELOPMENT_TEAM = DQK83PW4RV;
				INFOPLIST_FILE = "ADS-B_ARTests/Info.plist";
				LD_RUNPATH_SEARCH_PATHS = "$(inherited) @executable_path/Frameworks @loader_path/Frameworks";
				PRODUCT_BUNDLE_IDENTIFIER = "www.siphty.com.ADS-B-ARTests";
				PRODUCT_NAME = "$(TARGET_NAME)";
				SWIFT_VERSION = 3.0;
				TEST_HOST = "$(BUILT_PRODUCTS_DIR)/ADS-B_AR.app/ADS-B_AR";
			};
			name = Debug;
		};
		A29A2BB71E3F6B8A00E0B49A /* Release */ = {
			isa = XCBuildConfiguration;
			baseConfigurationReference = BFCC105F88546B7F9D0E7749 /* Pods-ADS-B_ARTests.release.xcconfig */;
			buildSettings = {
				ALWAYS_EMBED_SWIFT_STANDARD_LIBRARIES = YES;
				BUNDLE_LOADER = "$(TEST_HOST)";
				DEVELOPMENT_TEAM = DQK83PW4RV;
				INFOPLIST_FILE = "ADS-B_ARTests/Info.plist";
				LD_RUNPATH_SEARCH_PATHS = "$(inherited) @executable_path/Frameworks @loader_path/Frameworks";
				PRODUCT_BUNDLE_IDENTIFIER = "www.siphty.com.ADS-B-ARTests";
				PRODUCT_NAME = "$(TARGET_NAME)";
				SWIFT_VERSION = 3.0;
				TEST_HOST = "$(BUILT_PRODUCTS_DIR)/ADS-B_AR.app/ADS-B_AR";
			};
			name = Release;
		};
		A29A2BB91E3F6B8A00E0B49A /* Debug */ = {
			isa = XCBuildConfiguration;
			baseConfigurationReference = 38BECA3420389A94BC4C9FE8 /* Pods-ADS-B_ARUITests.debug.xcconfig */;
			buildSettings = {
				ALWAYS_EMBED_SWIFT_STANDARD_LIBRARIES = YES;
				DEVELOPMENT_TEAM = DQK83PW4RV;
				INFOPLIST_FILE = "ADS-B_ARUITests/Info.plist";
				LD_RUNPATH_SEARCH_PATHS = "$(inherited) @executable_path/Frameworks @loader_path/Frameworks";
				PRODUCT_BUNDLE_IDENTIFIER = "www.siphty.com.ADS-B-ARUITests";
				PRODUCT_NAME = "$(TARGET_NAME)";
				SWIFT_VERSION = 3.0;
				TEST_TARGET_NAME = "ADS-B_AR";
			};
			name = Debug;
		};
		A29A2BBA1E3F6B8A00E0B49A /* Release */ = {
			isa = XCBuildConfiguration;
			baseConfigurationReference = C18A6C0DFA6FC8BE9661B6B8 /* Pods-ADS-B_ARUITests.release.xcconfig */;
			buildSettings = {
				ALWAYS_EMBED_SWIFT_STANDARD_LIBRARIES = YES;
				DEVELOPMENT_TEAM = DQK83PW4RV;
				INFOPLIST_FILE = "ADS-B_ARUITests/Info.plist";
				LD_RUNPATH_SEARCH_PATHS = "$(inherited) @executable_path/Frameworks @loader_path/Frameworks";
				PRODUCT_BUNDLE_IDENTIFIER = "www.siphty.com.ADS-B-ARUITests";
				PRODUCT_NAME = "$(TARGET_NAME)";
				SWIFT_VERSION = 3.0;
				TEST_TARGET_NAME = "ADS-B_AR";
			};
			name = Release;
		};
/* End XCBuildConfiguration section */

/* Begin XCConfigurationList section */
		A29A2B821E3F6B8900E0B49A /* Build configuration list for PBXProject "ADS-B_AR" */ = {
			isa = XCConfigurationList;
			buildConfigurations = (
				A29A2BB01E3F6B8A00E0B49A /* Debug */,
				A29A2BB11E3F6B8A00E0B49A /* Release */,
			);
			defaultConfigurationIsVisible = 0;
			defaultConfigurationName = Release;
		};
		A29A2BB21E3F6B8A00E0B49A /* Build configuration list for PBXNativeTarget "ADS-B_AR" */ = {
			isa = XCConfigurationList;
			buildConfigurations = (
				A29A2BB31E3F6B8A00E0B49A /* Debug */,
				A29A2BB41E3F6B8A00E0B49A /* Release */,
			);
			defaultConfigurationIsVisible = 0;
			defaultConfigurationName = Release;
		};
		A29A2BB51E3F6B8A00E0B49A /* Build configuration list for PBXNativeTarget "ADS-B_ARTests" */ = {
			isa = XCConfigurationList;
			buildConfigurations = (
				A29A2BB61E3F6B8A00E0B49A /* Debug */,
				A29A2BB71E3F6B8A00E0B49A /* Release */,
			);
			defaultConfigurationIsVisible = 0;
			defaultConfigurationName = Release;
		};
		A29A2BB81E3F6B8A00E0B49A /* Build configuration list for PBXNativeTarget "ADS-B_ARUITests" */ = {
			isa = XCConfigurationList;
			buildConfigurations = (
				A29A2BB91E3F6B8A00E0B49A /* Debug */,
				A29A2BBA1E3F6B8A00E0B49A /* Release */,
			);
			defaultConfigurationIsVisible = 0;
			defaultConfigurationName = Release;
		};
/* End XCConfigurationList section */

/* Begin XCVersionGroup section */
		A29A2B911E3F6B8A00E0B49A /* ADS_B_AR.xcdatamodeld */ = {
			isa = XCVersionGroup;
			children = (
				A29A2B921E3F6B8A00E0B49A /* ADS_B_AR.xcdatamodel */,
			);
			currentVersion = A29A2B921E3F6B8A00E0B49A /* ADS_B_AR.xcdatamodel */;
			path = ADS_B_AR.xcdatamodeld;
			sourceTree = "<group>";
			versionGroupType = wrapper.xcdatamodel;
		};
/* End XCVersionGroup section */
	};
	rootObject = A29A2B7F1E3F6B8900E0B49A /* Project object */;
}
